
Microsoft Visual Studio Solution File, Format Version 12.00
# Visual Studio Version 16
VisualStudioVersion = 16.0.31729.503
MinimumVisualStudioVersion = 10.0.40219.1
Project("{FAE04EC0-301F-11D3-BF4B-00C04F79EFBC}") = "19102021 aula 2", "19102021 aula 2\19102021 aula 2.csproj", "{F5B297EF-6EAC-42E2-B5C2-41E135DBCDA4}"
EndProject
Global
	GlobalSection(SolutionConfigurationPlatforms) = preSolution
		Debug|Any CPU = Debug|Any CPU
		Release|Any CPU = Release|Any CPU
	EndGlobalSection
	GlobalSection(ProjectConfigurationPlatforms) = postSolution
		{F5B297EF-6EAC-42E2-B5C2-41E135DBCDA4}.Debug|Any CPU.ActiveCfg = Debug|Any CPU
		{F5B297EF-6EAC-42E2-B5C2-41E135DBCDA4}.Debug|Any CPU.Build.0 = Debug|Any CPU
		{F5B297EF-6EAC-42E2-B5C2-41E135DBCDA4}.Release|Any CPU.ActiveCfg = Release|Any CPU
		{F5B297EF-6EAC-42E2-B5C2-41E135DBCDA4}.Release|Any CPU.Build.0 = Release|Any CPU
	EndGlobalSection
	GlobalSection(SolutionProperties) = preSolution
		HideSolutionNode = FALSE
	EndGlobalSection
	GlobalSection(ExtensibilityGlobals) = postSolution
		SolutionGuid = {F14D49AC-F583-427A-9F3B-FA5A04FFAFAC}
	EndGlobalSection
EndGlobal
